
Microsoft Visual Studio Solution File, Format Version 12.00
# Visual Studio Version 17
VisualStudioVersion = 17.6.33723.286
MinimumVisualStudioVersion = 10.0.40219.1
Project("{FAE04EC0-301F-11D3-BF4B-00C04F79EFBC}") = "Ap2WebApi", "Ap2WebApi\Ap2WebApi.csproj", "{019CE4AB-9EA0-4DF7-B6DB-B5E391822AB3}"
EndProject
Global
	GlobalSection(SolutionConfigurationPlatforms) = preSolution
		Debug|Any CPU = Debug|Any CPU
		Release|Any CPU = Release|Any CPU
	EndGlobalSection
	GlobalSection(ProjectConfigurationPlatforms) = postSolution
		{019CE4AB-9EA0-4DF7-B6DB-B5E391822AB3}.Debug|Any CPU.ActiveCfg = Debug|Any CPU
		{019CE4AB-9EA0-4DF7-B6DB-B5E391822AB3}.Debug|Any CPU.Build.0 = Debug|Any CPU
		{019CE4AB-9EA0-4DF7-B6DB-B5E391822AB3}.Release|Any CPU.ActiveCfg = Release|Any CPU
		{019CE4AB-9EA0-4DF7-B6DB-B5E391822AB3}.Release|Any CPU.Build.0 = Release|Any CPU
	EndGlobalSection
	GlobalSection(SolutionProperties) = preSolution
		HideSolutionNode = FALSE
	EndGlobalSection
	GlobalSection(ExtensibilityGlobals) = postSolution
		SolutionGuid = {B4873F2D-7401-4011-9697-4F1323AE0A2C}
	EndGlobalSection
EndGlobal
