
Microsoft Visual Studio Solution File, Format Version 12.00
# Visual Studio Version 17
VisualStudioVersion = 17.6.33723.286
MinimumVisualStudioVersion = 10.0.40219.1
Project("{9A19103F-16F7-4668-BE54-9A1E7A4F7556}") = "Ap1", "Ap1.csproj", "{0F67D111-EB7F-4D82-88B2-44A691E33BCE}"
EndProject
Global
	GlobalSection(SolutionConfigurationPlatforms) = preSolution
		Debug|Any CPU = Debug|Any CPU
		Release|Any CPU = Release|Any CPU
	EndGlobalSection
	GlobalSection(ProjectConfigurationPlatforms) = postSolution
		{0F67D111-EB7F-4D82-88B2-44A691E33BCE}.Debug|Any CPU.ActiveCfg = Debug|Any CPU
		{0F67D111-EB7F-4D82-88B2-44A691E33BCE}.Debug|Any CPU.Build.0 = Debug|Any CPU
		{0F67D111-EB7F-4D82-88B2-44A691E33BCE}.Release|Any CPU.ActiveCfg = Release|Any CPU
		{0F67D111-EB7F-4D82-88B2-44A691E33BCE}.Release|Any CPU.Build.0 = Release|Any CPU
	EndGlobalSection
	GlobalSection(SolutionProperties) = preSolution
		HideSolutionNode = FALSE
	EndGlobalSection
	GlobalSection(ExtensibilityGlobals) = postSolution
		SolutionGuid = {D7EDFC3D-6C61-425B-A4EB-E33E0B1EF179}
	EndGlobalSection
EndGlobal
